// !$*UTF8*$!
{
	archiveVersion = 1;
	classes = {
	};
	objectVersion = 55;
	objects = {

/* Begin PBXBuildFile section */
		341F00F228556252008C5445 /* CircularProgressBarView.swift in Sources */ = {isa = PBXBuildFile; fileRef = 341F00F128556252008C5445 /* CircularProgressBarView.swift */; };
		D252CD0A2855C744001B5BD6 /* BlackProgressView.swift in Sources */ = {isa = PBXBuildFile; fileRef = D252CD092855C744001B5BD6 /* BlackProgressView.swift */; };
		D5C131FD2855016B00971A50 /* AppDelegate.swift in Sources */ = {isa = PBXBuildFile; fileRef = D5C131FC2855016B00971A50 /* AppDelegate.swift */; };
		D5C131FF2855016B00971A50 /* SceneDelegate.swift in Sources */ = {isa = PBXBuildFile; fileRef = D5C131FE2855016B00971A50 /* SceneDelegate.swift */; };
		D5C132012855016B00971A50 /* ListViewController.swift in Sources */ = {isa = PBXBuildFile; fileRef = D5C132002855016B00971A50 /* ListViewController.swift */; };
		D5C132062855016F00971A50 /* Assets.xcassets in Resources */ = {isa = PBXBuildFile; fileRef = D5C132052855016F00971A50 /* Assets.xcassets */; };
		D5C132092855016F00971A50 /* LaunchScreen.storyboard in Resources */ = {isa = PBXBuildFile; fileRef = D5C132072855016F00971A50 /* LaunchScreen.storyboard */; };
		D5C132112855019A00971A50 /* Protocols.swift in Sources */ = {isa = PBXBuildFile; fileRef = D5C132102855019A00971A50 /* Protocols.swift */; };
		D5C13213285501A900971A50 /* Extensions.swift in Sources */ = {isa = PBXBuildFile; fileRef = D5C13212285501A900971A50 /* Extensions.swift */; };
		D5DCA7F328550CD20006C2F1 /* ListPresenter.swift in Sources */ = {isa = PBXBuildFile; fileRef = D5DCA7F228550CD20006C2F1 /* ListPresenter.swift */; };
		D5DCA7F528550F710006C2F1 /* Interactor.swift in Sources */ = {isa = PBXBuildFile; fileRef = D5DCA7F428550F710006C2F1 /* Interactor.swift */; };
		D5DCA7F7285520470006C2F1 /* DetailViewController.swift in Sources */ = {isa = PBXBuildFile; fileRef = D5DCA7F6285520470006C2F1 /* DetailViewController.swift */; };
		D5DCA7F9285523EF0006C2F1 /* Router.swift in Sources */ = {isa = PBXBuildFile; fileRef = D5DCA7F8285523EF0006C2F1 /* Router.swift */; };
/* End PBXBuildFile section */

/* Begin PBXFileReference section */
		341F00F128556252008C5445 /* CircularProgressBarView.swift */ = {isa = PBXFileReference; lastKnownFileType = sourcecode.swift; path = CircularProgressBarView.swift; sourceTree = "<group>"; };
		D252CD092855C744001B5BD6 /* BlackProgressView.swift */ = {isa = PBXFileReference; lastKnownFileType = sourcecode.swift; path = BlackProgressView.swift; sourceTree = "<group>"; };
		D5C131F92855016B00971A50 /* TestAnkita.app */ = {isa = PBXFileReference; explicitFileType = wrapper.application; includeInIndex = 0; path = TestAnkita.app; sourceTree = BUILT_PRODUCTS_DIR; };
		D5C131FC2855016B00971A50 /* AppDelegate.swift */ = {isa = PBXFileReference; lastKnownFileType = sourcecode.swift; path = AppDelegate.swift; sourceTree = "<group>"; };
		D5C131FE2855016B00971A50 /* SceneDelegate.swift */ = {isa = PBXFileReference; lastKnownFileType = sourcecode.swift; path = SceneDelegate.swift; sourceTree = "<group>"; };
		D5C132002855016B00971A50 /* ListViewController.swift */ = {isa = PBXFileReference; lastKnownFileType = sourcecode.swift; path = ListViewController.swift; sourceTree = "<group>"; };
		D5C132052855016F00971A50 /* Assets.xcassets */ = {isa = PBXFileReference; lastKnownFileType = folder.assetcatalog; path = Assets.xcassets; sourceTree = "<group>"; };
		D5C132082855016F00971A50 /* Base */ = {isa = PBXFileReference; lastKnownFileType = file.storyboard; name = Base; path = Base.lproj/LaunchScreen.storyboard; sourceTree = "<group>"; };
		D5C1320A2855016F00971A50 /* Info.plist */ = {isa = PBXFileReference; lastKnownFileType = text.plist.xml; path = Info.plist; sourceTree = "<group>"; };
		D5C132102855019A00971A50 /* Protocols.swift */ = {isa = PBXFileReference; lastKnownFileType = sourcecode.swift; path = Protocols.swift; sourceTree = "<group>"; };
		D5C13212285501A900971A50 /* Extensions.swift */ = {isa = PBXFileReference; lastKnownFileType = sourcecode.swift; path = Extensions.swift; sourceTree = "<group>"; };
		D5DCA7F228550CD20006C2F1 /* ListPresenter.swift */ = {isa = PBXFileReference; lastKnownFileType = sourcecode.swift; path = ListPresenter.swift; sourceTree = "<group>"; };
		D5DCA7F428550F710006C2F1 /* Interactor.swift */ = {isa = PBXFileReference; lastKnownFileType = sourcecode.swift; path = Interactor.swift; sourceTree = "<group>"; };
		D5DCA7F6285520470006C2F1 /* DetailViewController.swift */ = {isa = PBXFileReference; lastKnownFileType = sourcecode.swift; path = DetailViewController.swift; sourceTree = "<group>"; };
		D5DCA7F8285523EF0006C2F1 /* Router.swift */ = {isa = PBXFileReference; lastKnownFileType = sourcecode.swift; path = Router.swift; sourceTree = "<group>"; };
/* End PBXFileReference section */

/* Begin PBXFrameworksBuildPhase section */
		D5C131F62855016B00971A50 /* Frameworks */ = {
			isa = PBXFrameworksBuildPhase;
			buildActionMask = 2147483647;
			files = (
			);
			runOnlyForDeploymentPostprocessing = 0;
		};
/* End PBXFrameworksBuildPhase section */

/* Begin PBXGroup section */
		D5C131F02855016B00971A50 = {
			isa = PBXGroup;
			children = (
				D5C131FB2855016B00971A50 /* TestAnkita */,
				D5C131FA2855016B00971A50 /* Products */,
			);
			sourceTree = "<group>";
		};
		D5C131FA2855016B00971A50 /* Products */ = {
			isa = PBXGroup;
			children = (
				D5C131F92855016B00971A50 /* TestAnkita.app */,
			);
			name = Products;
			sourceTree = "<group>";
		};
		D5C131FB2855016B00971A50 /* TestAnkita */ = {
			isa = PBXGroup;
			children = (
				D5C131FC2855016B00971A50 /* AppDelegate.swift */,
				D5C131FE2855016B00971A50 /* SceneDelegate.swift */,
				D5C132052855016F00971A50 /* Assets.xcassets */,
				D5C132072855016F00971A50 /* LaunchScreen.storyboard */,
				D5C1320A2855016F00971A50 /* Info.plist */,
				D5DCA7FA285607360006C2F1 /* View */,
				D5DCA7FB2856074B0006C2F1 /* Presenter */,
				D5DCA7FC285607560006C2F1 /* Interactor */,
				D5DCA7FD285607630006C2F1 /* Router */,
				D5DCA7FE285607800006C2F1 /* Protocols */,
				D5DCA7FF2856078B0006C2F1 /* Extensions */,
			);
			path = TestAnkita;
			sourceTree = "<group>";
		};
		D5DCA7FA285607360006C2F1 /* View */ = {
			isa = PBXGroup;
			children = (
				341F00F128556252008C5445 /* CircularProgressBarView.swift */,
				D252CD092855C744001B5BD6 /* BlackProgressView.swift */,
				D5C132002855016B00971A50 /* ListViewController.swift */,
				D5DCA7F6285520470006C2F1 /* DetailViewController.swift */,
			);
			path = View;
			sourceTree = "<group>";
		};
		D5DCA7FB2856074B0006C2F1 /* Presenter */ = {
			isa = PBXGroup;
			children = (
				D5DCA7F228550CD20006C2F1 /* ListPresenter.swift */,
			);
			path = Presenter;
			sourceTree = "<group>";
		};
		D5DCA7FC285607560006C2F1 /* Interactor */ = {
			isa = PBXGroup;
			children = (
				D5DCA7F428550F710006C2F1 /* Interactor.swift */,
			);
			path = Interactor;
			sourceTree = "<group>";
		};
		D5DCA7FD285607630006C2F1 /* Router */ = {
			isa = PBXGroup;
			children = (
				D5DCA7F8285523EF0006C2F1 /* Router.swift */,
			);
			path = Router;
			sourceTree = "<group>";
		};
		D5DCA7FE285607800006C2F1 /* Protocols */ = {
			isa = PBXGroup;
			children = (
				D5C132102855019A00971A50 /* Protocols.swift */,
			);
			path = Protocols;
			sourceTree = "<group>";
		};
		D5DCA7FF2856078B0006C2F1 /* Extensions */ = {
			isa = PBXGroup;
			children = (
				D5C13212285501A900971A50 /* Extensions.swift */,
			);
			path = Extensions;
			sourceTree = "<group>";
		};
/* End PBXGroup section */

/* Begin PBXNativeTarget section */
		D5C131F82855016B00971A50 /* TestAnkita */ = {
			isa = PBXNativeTarget;
			buildConfigurationList = D5C1320D2855016F00971A50 /* Build configuration list for PBXNativeTarget "TestAnkita" */;
			buildPhases = (
				D5C131F52855016B00971A50 /* Sources */,
				D5C131F62855016B00971A50 /* Frameworks */,
				D5C131F72855016B00971A50 /* Resources */,
			);
			buildRules = (
			);
			dependencies = (
			);
			name = TestAnkita;
			productName = TestAnkita;
			productReference = D5C131F92855016B00971A50 /* TestAnkita.app */;
			productType = "com.apple.product-type.application";
		};
/* End PBXNativeTarget section */

/* Begin PBXProject section */
		D5C131F12855016B00971A50 /* Project object */ = {
			isa = PBXProject;
			attributes = {
				BuildIndependentTargetsInParallel = 1;
				LastSwiftUpdateCheck = 1340;
				LastUpgradeCheck = 1340;
				TargetAttributes = {
					D5C131F82855016B00971A50 = {
						CreatedOnToolsVersion = 13.4.1;
					};
				};
			};
			buildConfigurationList = D5C131F42855016B00971A50 /* Build configuration list for PBXProject "TestAnkita" */;
			compatibilityVersion = "Xcode 13.0";
			developmentRegion = en;
			hasScannedForEncodings = 0;
			knownRegions = (
				en,
				Base,
			);
			mainGroup = D5C131F02855016B00971A50;
			productRefGroup = D5C131FA2855016B00971A50 /* Products */;
			projectDirPath = "";
			projectRoot = "";
			targets = (
				D5C131F82855016B00971A50 /* TestAnkita */,
			);
		};
/* End PBXProject section */

/* Begin PBXResourcesBuildPhase section */
		D5C131F72855016B00971A50 /* Resources */ = {
			isa = PBXResourcesBuildPhase;
			buildActionMask = 2147483647;
			files = (
				D5C132092855016F00971A50 /* LaunchScreen.storyboard in Resources */,
				D5C132062855016F00971A50 /* Assets.xcassets in Resources */,
			);
			runOnlyForDeploymentPostprocessing = 0;
		};
/* End PBXResourcesBuildPhase section */

/* Begin PBXSourcesBuildPhase section */
		D5C131F52855016B00971A50 /* Sources */ = {
			isa = PBXSourcesBuildPhase;
			buildActionMask = 2147483647;
			files = (
				D5C13213285501A900971A50 /* Extensions.swift in Sources */,
				D5C132012855016B00971A50 /* ListViewController.swift in Sources */,
				D5C131FD2855016B00971A50 /* AppDelegate.swift in Sources */,
				D5C131FF2855016B00971A50 /* SceneDelegate.swift in Sources */,
				341F00F228556252008C5445 /* CircularProgressBarView.swift in Sources */,
				D5DCA7F9285523EF0006C2F1 /* Router.swift in Sources */,
				D5DCA7F328550CD20006C2F1 /* ListPresenter.swift in Sources */,
				D252CD0A2855C744001B5BD6 /* BlackProgressView.swift in Sources */,
				D5DCA7F528550F710006C2F1 /* Interactor.swift in Sources */,
				D5C132112855019A00971A50 /* Protocols.swift in Sources */,
				D5DCA7F7285520470006C2F1 /* DetailViewController.swift in Sources */,
			);
			runOnlyForDeploymentPostprocessing = 0;
		};
/* End PBXSourcesBuildPhase section */

/* Begin PBXVariantGroup section */
		D5C132072855016F00971A50 /* LaunchScreen.storyboard */ = {
			isa = PBXVariantGroup;
			children = (
				D5C132082855016F00971A50 /* Base */,
			);
			name = LaunchScreen.storyboard;
			sourceTree = "<group>";
		};
/* End PBXVariantGroup section */

/* Begin XCBuildConfiguration section */
		D5C1320B2855016F00971A50 /* Debug */ = {
			isa = XCBuildConfiguration;
			buildSettings = {
				ALWAYS_SEARCH_USER_PATHS = NO;
				CLANG_ANALYZER_NONNULL = YES;
				CLANG_ANALYZER_NUMBER_OBJECT_CONVERSION = YES_AGGRESSIVE;
				CLANG_CXX_LANGUAGE_STANDARD = "gnu++17";
				CLANG_ENABLE_MODULES = YES;
				CLANG_ENABLE_OBJC_ARC = YES;
				CLANG_ENABLE_OBJC_WEAK = YES;
				CLANG_WARN_BLOCK_CAPTURE_AUTORELEASING = YES;
				CLANG_WARN_BOOL_CONVERSION = YES;
				CLANG_WARN_COMMA = YES;
				CLANG_WARN_CONSTANT_CONVERSION = YES;
				CLANG_WARN_DEPRECATED_OBJC_IMPLEMENTATIONS = YES;
				CLANG_WARN_DIRECT_OBJC_ISA_USAGE = YES_ERROR;
				CLANG_WARN_DOCUMENTATION_COMMENTS = YES;
				CLANG_WARN_EMPTY_BODY = YES;
				CLANG_WARN_ENUM_CONVERSION = YES;
				CLANG_WARN_INFINITE_RECURSION = YES;
				CLANG_WARN_INT_CONVERSION = YES;
				CLANG_WARN_NON_LITERAL_NULL_CONVERSION = YES;
				CLANG_WARN_OBJC_IMPLICIT_RETAIN_SELF = YES;
				CLANG_WARN_OBJC_LITERAL_CONVERSION = YES;
				CLANG_WARN_OBJC_ROOT_CLASS = YES_ERROR;
				CLANG_WARN_QUOTED_INCLUDE_IN_FRAMEWORK_HEADER = YES;
				CLANG_WARN_RANGE_LOOP_ANALYSIS = YES;
				CLANG_WARN_STRICT_PROTOTYPES = YES;
				CLANG_WARN_SUSPICIOUS_MOVE = YES;
				CLANG_WARN_UNGUARDED_AVAILABILITY = YES_AGGRESSIVE;
				CLANG_WARN_UNREACHABLE_CODE = YES;
				CLANG_WARN__DUPLICATE_METHOD_MATCH = YES;
				COPY_PHASE_STRIP = NO;
				DEBUG_INFORMATION_FORMAT = dwarf;
				ENABLE_STRICT_OBJC_MSGSEND = YES;
				ENABLE_TESTABILITY = YES;
				GCC_C_LANGUAGE_STANDARD = gnu11;
				GCC_DYNAMIC_NO_PIC = NO;
				GCC_NO_COMMON_BLOCKS = YES;
				GCC_OPTIMIZATION_LEVEL = 0;
				GCC_PREPROCESSOR_DEFINITIONS = (
					"DEBUG=1",
					"$(inherited)",
				);
				GCC_WARN_64_TO_32_BIT_CONVERSION = YES;
				GCC_WARN_ABOUT_RETURN_TYPE = YES_ERROR;
				GCC_WARN_UNDECLARED_SELECTOR = YES;
				GCC_WARN_UNINITIALIZED_AUTOS = YES_AGGRESSIVE;
				GCC_WARN_UNUSED_FUNCTION = YES;
				GCC_WARN_UNUSED_VARIABLE = YES;
				IPHONEOS_DEPLOYMENT_TARGET = 15.5;
				MTL_ENABLE_DEBUG_INFO = INCLUDE_SOURCE;
				MTL_FAST_MATH = YES;
				ONLY_ACTIVE_ARCH = YES;
				SDKROOT = iphoneos;
				SWIFT_ACTIVE_COMPILATION_CONDITIONS = DEBUG;
				SWIFT_OPTIMIZATION_LEVEL = "-Onone";
			};
			name = Debug;
		};
		D5C1320C2855016F00971A50 /* Release */ = {
			isa = XCBuildConfiguration;
			buildSettings = {
				ALWAYS_SEARCH_USER_PATHS = NO;
				CLANG_ANALYZER_NONNULL = YES;
				CLANG_ANALYZER_NUMBER_OBJECT_CONVERSION = YES_AGGRESSIVE;
				CLANG_CXX_LANGUAGE_STANDARD = "gnu++17";
				CLANG_ENABLE_MODULES = YES;
				CLANG_ENABLE_OBJC_ARC = YES;
				CLANG_ENABLE_OBJC_WEAK = YES;
				CLANG_WARN_BLOCK_CAPTURE_AUTORELEASING = YES;
				CLANG_WARN_BOOL_CONVERSION = YES;
				CLANG_WARN_COMMA = YES;
				CLANG_WARN_CONSTANT_CONVERSION = YES;
				CLANG_WARN_DEPRECATED_OBJC_IMPLEMENTATIONS = YES;
				CLANG_WARN_DIRECT_OBJC_ISA_USAGE = YES_ERROR;
				CLANG_WARN_DOCUMENTATION_COMMENTS = YES;
				CLANG_WARN_EMPTY_BODY = YES;
				CLANG_WARN_ENUM_CONVERSION = YES;
				CLANG_WARN_INFINITE_RECURSION = YES;
				CLANG_WARN_INT_CONVERSION = YES;
				CLANG_WARN_NON_LITERAL_NULL_CONVERSION = YES;
				CLANG_WARN_OBJC_IMPLICIT_RETAIN_SELF = YES;
				CLANG_WARN_OBJC_LITERAL_CONVERSION = YES;
				CLANG_WARN_OBJC_ROOT_CLASS = YES_ERROR;
				CLANG_WARN_QUOTED_INCLUDE_IN_FRAMEWORK_HEADER = YES;
				CLANG_WARN_RANGE_LOOP_ANALYSIS = YES;
				CLANG_WARN_STRICT_PROTOTYPES = YES;
				CLANG_WARN_SUSPICIOUS_MOVE = YES;
				CLANG_WARN_UNGUARDED_AVAILABILITY = YES_AGGRESSIVE;
				CLANG_WARN_UNREACHABLE_CODE = YES;
				CLANG_WARN__DUPLICATE_METHOD_MATCH = YES;
				COPY_PHASE_STRIP = NO;
				DEBUG_INFORMATION_FORMAT = "dwarf-with-dsym";
				ENABLE_NS_ASSERTIONS = NO;
				ENABLE_STRICT_OBJC_MSGSEND = YES;
				GCC_C_LANGUAGE_STANDARD = gnu11;
				GCC_NO_COMMON_BLOCKS = YES;
				GCC_WARN_64_TO_32_BIT_CONVERSION = YES;
				GCC_WARN_ABOUT_RETURN_TYPE = YES_ERROR;
				GCC_WARN_UNDECLARED_SELECTOR = YES;
				GCC_WARN_UNINITIALIZED_AUTOS = YES_AGGRESSIVE;
				GCC_WARN_UNUSED_FUNCTION = YES;
				GCC_WARN_UNUSED_VARIABLE = YES;
				IPHONEOS_DEPLOYMENT_TARGET = 15.5;
				MTL_ENABLE_DEBUG_INFO = NO;
				MTL_FAST_MATH = YES;
				SDKROOT = iphoneos;
				SWIFT_COMPILATION_MODE = wholemodule;
				SWIFT_OPTIMIZATION_LEVEL = "-O";
				VALIDATE_PRODUCT = YES;
			};
			name = Release;
		};
		D5C1320E2855016F00971A50 /* Debug */ = {
			isa = XCBuildConfiguration;
			buildSettings = {
				ASSETCATALOG_COMPILER_APPICON_NAME = AppIcon;
				ASSETCATALOG_COMPILER_GLOBAL_ACCENT_COLOR_NAME = AccentColor;
				CODE_SIGN_STYLE = Automatic;
				CURRENT_PROJECT_VERSION = 1;
				GENERATE_INFOPLIST_FILE = YES;
				INFOPLIST_FILE = TestAnkita/Info.plist;
				INFOPLIST_KEY_UIApplicationSupportsIndirectInputEvents = YES;
				INFOPLIST_KEY_UILaunchStoryboardName = LaunchScreen;
				INFOPLIST_KEY_UISupportedInterfaceOrientations_iPad = "UIInterfaceOrientationPortrait UIInterfaceOrientationPortraitUpsideDown UIInterfaceOrientationLandscapeLeft UIInterfaceOrientationLandscapeRight";
				INFOPLIST_KEY_UISupportedInterfaceOrientations_iPhone = "UIInterfaceOrientationPortrait UIInterfaceOrientationLandscapeLeft UIInterfaceOrientationLandscapeRight";
				LD_RUNPATH_SEARCH_PATHS = (
					"$(inherited)",
					"@executable_path/Frameworks",
				);
				MARKETING_VERSION = 1.0;
				PRODUCT_BUNDLE_IDENTIFIER = com.ank.TestAnkita;
				PRODUCT_NAME = "$(TARGET_NAME)";
				SWIFT_EMIT_LOC_STRINGS = YES;
				SWIFT_VERSION = 5.0;
				TARGETED_DEVICE_FAMILY = "1,2";
			};
			name = Debug;
		};
		D5C1320F2855016F00971A50 /* Release */ = {
			isa = XCBuildConfiguration;
			buildSettings = {
				ASSETCATALOG_COMPILER_APPICON_NAME = AppIcon;
				ASSETCATALOG_COMPILER_GLOBAL_ACCENT_COLOR_NAME = AccentColor;
				CODE_SIGN_STYLE = Automatic;
				CURRENT_PROJECT_VERSION = 1;
				GENERATE_INFOPLIST_FILE = YES;
				INFOPLIST_FILE = TestAnkita/Info.plist;
				INFOPLIST_KEY_UIApplicationSupportsIndirectInputEvents = YES;
				INFOPLIST_KEY_UILaunchStoryboardName = LaunchScreen;
				INFOPLIST_KEY_UISupportedInterfaceOrientations_iPad = "UIInterfaceOrientationPortrait UIInterfaceOrientationPortraitUpsideDown UIInterfaceOrientationLandscapeLeft UIInterfaceOrientationLandscapeRight";
				INFOPLIST_KEY_UISupportedInterfaceOrientations_iPhone = "UIInterfaceOrientationPortrait UIInterfaceOrientationLandscapeLeft UIInterfaceOrientationLandscapeRight";
				LD_RUNPATH_SEARCH_PATHS = (
					"$(inherited)",
					"@executable_path/Frameworks",
				);
				MARKETING_VERSION = 1.0;
				PRODUCT_BUNDLE_IDENTIFIER = com.ank.TestAnkita;
				PRODUCT_NAME = "$(TARGET_NAME)";
				SWIFT_EMIT_LOC_STRINGS = YES;
				SWIFT_VERSION = 5.0;
				TARGETED_DEVICE_FAMILY = "1,2";
			};
			name = Release;
		};
/* End XCBuildConfiguration section */

/* Begin XCConfigurationList section */
		D5C131F42855016B00971A50 /* Build configuration list for PBXProject "TestAnkita" */ = {
			isa = XCConfigurationList;
			buildConfigurations = (
				D5C1320B2855016F00971A50 /* Debug */,
				D5C1320C2855016F00971A50 /* Release */,
			);
			defaultConfigurationIsVisible = 0;
			defaultConfigurationName = Release;
		};
		D5C1320D2855016F00971A50 /* Build configuration list for PBXNativeTarget "TestAnkita" */ = {
			isa = XCConfigurationList;
			buildConfigurations = (
				D5C1320E2855016F00971A50 /* Debug */,
				D5C1320F2855016F00971A50 /* Release */,
			);
			defaultConfigurationIsVisible = 0;
			defaultConfigurationName = Release;
		};
/* End XCConfigurationList section */
	};
	rootObject = D5C131F12855016B00971A50 /* Project object */;
}
